<?xml version="1.0" encoding="utf-8"?>
<Project ToolsVersion="4.0" xmlns="http://schemas.microsoft.com/developer/msbuild/2003">
  <ItemGroup>
    <Filter Include="Game Components">
      <UniqueIdentifier>{3e5e53a9-a21b-4d65-8df8-1e8bd86f5284}</UniqueIdentifier>
    </Filter>
    <Filter Include="Game Graphics">
      <UniqueIdentifier>{02613fb1-420e-4fd5-b6bd-b294face6d16}</UniqueIdentifier>
    </Filter>
    <Filter Include="GameObjects">
      <UniqueIdentifier>{aceb3dc2-7363-480e-ac12-2b5bd7a94257}</UniqueIdentifier>
    </Filter>
    <Filter Include="GameObjects\Player">
      <UniqueIdentifier>{d96dbd04-3f90-40aa-a0ca-073fdd56e830}</UniqueIdentifier>
    </Filter>
    <Filter Include="GameObjects\Object">
      <UniqueIdentifier>{ca2d46c2-0c6d-495a-a5e9-d7a901031505}</UniqueIdentifier>
    </Filter>
    <Filter Include="GameObjects\Enemy">
      <UniqueIdentifier>{a133bd8a-63d0-4520-ad97-3b8622dfa9bc}</UniqueIdentifier>
    </Filter>
    <Filter Include="GameObjects\Weapon">
      <UniqueIdentifier>{46f72de9-d9bf-454f-9b37-13d3a3df2848}</UniqueIdentifier>
    </Filter>
    <Filter Include="GameObjects\Ground">
      <UniqueIdentifier>{4c9d328e-872d-45e3-9a0a-674c7a7ef0ab}</UniqueIdentifier>
    </Filter>
  </ItemGroup>
  <ItemGroup>
    <ClCompile Include="GameObject.cpp">
      <Filter>GameObjects\Object</Filter>
    </ClCompile>
    <ClCompile Include="Mario.cpp">
      <Filter>GameObjects\Player</Filter>
    </ClCompile>
    <ClCompile Include="PlayerWalkingState.cpp">
      <Filter>GameObjects\Player</Filter>
    </ClCompile>
    <ClCompile Include="PlayerStandingState.cpp">
      <Filter>GameObjects\Player</Filter>
    </ClCompile>
    <ClCompile Include="PlayerJumpingState.cpp">
      <Filter>GameObjects\Player</Filter>
    </ClCompile>
    <ClCompile Include="PlayerFallingState.cpp">
      <Filter>GameObjects\Player</Filter>
    </ClCompile>
    <ClCompile Include="PlayerSittingState.cpp">
      <Filter>GameObjects\Player</Filter>
    </ClCompile>
    <ClCompile Include="PlayerDieState.cpp">
      <Filter>GameObjects\Player</Filter>
    </ClCompile>
    <ClCompile Include="Textures.cpp">
      <Filter>Game Graphics</Filter>
    </ClCompile>
    <ClCompile Include="Sprites.cpp">
      <Filter>Game Graphics</Filter>
    </ClCompile>
    <ClCompile Include="GameGlobal.cpp">
      <Filter>Game Components</Filter>
    </ClCompile>
    <ClCompile Include="Game.cpp">
      <Filter>Game Components</Filter>
    </ClCompile>
    <ClCompile Include="main.cpp">
      <Filter>Game Components</Filter>
    </ClCompile>
    <ClCompile Include="Brick.cpp">
      <Filter>GameObjects\Ground</Filter>
    </ClCompile>
    <ClCompile Include="PlayerWhippingState.cpp">
      <Filter>GameObjects\Player</Filter>
    </ClCompile>
    <ClCompile Include="Whip.cpp">
      <Filter>GameObjects\Weapon</Filter>
    </ClCompile>
    <ClCompile Include="Goomba.cpp">
      <Filter>GameObjects\Enemy</Filter>
    </ClCompile>
    <ClCompile Include="Enemy.cpp">
      <Filter>GameObjects\Enemy</Filter>
    </ClCompile>
    <ClCompile Include="Weapon.cpp">
      <Filter>GameObjects\Weapon</Filter>
    </ClCompile>
    <ClCompile Include="PlayerLastRunState.cpp">
      <Filter>GameObjects\Player</Filter>
    </ClCompile>
    <ClCompile Include="PlayerRunningState.cpp">
      <Filter>GameObjects\Player</Filter>
    </ClCompile>
    <ClCompile Include="Animations.cpp">
      <Filter>Game Graphics</Filter>
    </ClCompile>
    <ClCompile Include="Utils.cpp">
      <Filter>Game Components</Filter>
    </ClCompile>
    <ClCompile Include="Map.cpp">
      <Filter>Game Components</Filter>
    </ClCompile>
    <ClCompile Include="PlayScence.cpp">
      <Filter>Game Components</Filter>
    </ClCompile>
    <ClCompile Include="Scene.cpp">
      <Filter>Game Components</Filter>
    </ClCompile>
  </ItemGroup>
  <ItemGroup>
    <ClInclude Include="GameObject.h">
      <Filter>GameObjects\Object</Filter>
    </ClInclude>
    <ClInclude Include="PlayerState.h">
      <Filter>GameObjects\Player</Filter>
    </ClInclude>
    <ClInclude Include="Mario.h">
      <Filter>GameObjects\Player</Filter>
    </ClInclude>
    <ClInclude Include="PlayerWalkingState.h">
      <Filter>GameObjects\Player</Filter>
    </ClInclude>
    <ClInclude Include="PlayerStandingState.h">
      <Filter>GameObjects\Player</Filter>
    </ClInclude>
    <ClInclude Include="PlayerJumpingState.h">
      <Filter>GameObjects\Player</Filter>
    </ClInclude>
    <ClInclude Include="PlayerFallingState.h">
      <Filter>GameObjects\Player</Filter>
    </ClInclude>
    <ClInclude Include="PlayerSittingState.h">
      <Filter>GameObjects\Player</Filter>
    </ClInclude>
    <ClInclude Include="PlayerDieState.h">
      <Filter>GameObjects\Player</Filter>
    </ClInclude>
    <ClInclude Include="Textures.h">
      <Filter>Game Graphics</Filter>
    </ClInclude>
    <ClInclude Include="Sprites.h">
      <Filter>Game Graphics</Filter>
    </ClInclude>
    <ClInclude Include="GameGlobal.h">
      <Filter>Game Components</Filter>
    </ClInclude>
    <ClInclude Include="Game.h">
      <Filter>Game Components</Filter>
    </ClInclude>
    <ClInclude Include="Brick.h">
      <Filter>GameObjects\Ground</Filter>
    </ClInclude>
    <ClInclude Include="PlayerWhippingState.h">
      <Filter>GameObjects\Player</Filter>
    </ClInclude>
    <ClInclude Include="Whip.h">
      <Filter>GameObjects\Weapon</Filter>
    </ClInclude>
    <ClInclude Include="Goomba.h">
      <Filter>GameObjects\Enemy</Filter>
    </ClInclude>
    <ClInclude Include="Enemy.h">
      <Filter>GameObjects\Enemy</Filter>
    </ClInclude>
    <ClInclude Include="Weapon.h">
      <Filter>GameObjects\Weapon</Filter>
    </ClInclude>
    <ClInclude Include="PlayerLastRunState.h">
      <Filter>GameObjects\Player</Filter>
    </ClInclude>
    <ClInclude Include="PlayerRunningState.h">
      <Filter>GameObjects\Player</Filter>
    </ClInclude>
    <ClInclude Include="Animations.h">
      <Filter>Game Graphics</Filter>
    </ClInclude>
    <ClInclude Include="Utils.h">
      <Filter>Game Components</Filter>
    </ClInclude>
    <ClInclude Include="Map.h">
      <Filter>Game Components</Filter>
    </ClInclude>
    <ClInclude Include="PlayScene.h">
      <Filter>Game Components</Filter>
    </ClInclude>
    <ClInclude Include="Scene.h">
      <Filter>Game Components</Filter>
    </ClInclude>
    <ClInclude Include="KeyEventHandler.h">
      <Filter>Game Components</Filter>
    </ClInclude>
  </ItemGroup>
</Project>